// !$*UTF8*$!
{
	archiveVersion = 1;
	classes = {
	};
	objectVersion = 48;
	objects = {

/* Begin PBXBuildFile section */
		9A6520E93E071C2A03D064E5 /* Pods_MyFBAlbums.framework in Frameworks */ = {isa = PBXBuildFile; fileRef = EC9ADE5752898CF0B207F853 /* Pods_MyFBAlbums.framework */; };
		F4078C151FAA326F00306749 /* AlbumsTableViewCell.swift in Sources */ = {isa = PBXBuildFile; fileRef = F4078C141FAA326F00306749 /* AlbumsTableViewCell.swift */; };
		F41AC58C1F9D0C5F00EACCC4 /* HexColors.swift in Sources */ = {isa = PBXBuildFile; fileRef = F41AC58B1F9D0C5F00EACCC4 /* HexColors.swift */; };
		F45218411FA91A1C00D4AA7C /* SettingsVC.swift in Sources */ = {isa = PBXBuildFile; fileRef = F45218401FA91A1C00D4AA7C /* SettingsVC.swift */; };
		F487383B1FAC0EB100656EE5 /* ImagesVC.swift in Sources */ = {isa = PBXBuildFile; fileRef = F487383A1FAC0EB100656EE5 /* ImagesVC.swift */; };
		F487383D1FAC111D00656EE5 /* ImagesTableViewCell.swift in Sources */ = {isa = PBXBuildFile; fileRef = F487383C1FAC111D00656EE5 /* ImagesTableViewCell.swift */; };
		F48912131FA76DC10095F35D /* LoginVC.swift in Sources */ = {isa = PBXBuildFile; fileRef = F48912121FA76DC10095F35D /* LoginVC.swift */; };
		F48912211FA7AC820095F35D /* TextField.swift in Sources */ = {isa = PBXBuildFile; fileRef = F48912201FA7AC820095F35D /* TextField.swift */; };
		F48912231FA7ACC70095F35D /* Button.swift in Sources */ = {isa = PBXBuildFile; fileRef = F48912221FA7ACC70095F35D /* Button.swift */; };
		F48912291FA7ADA00095F35D /* View.swift in Sources */ = {isa = PBXBuildFile; fileRef = F48912281FA7ADA00095F35D /* View.swift */; };
		F489122B1FA7B0780095F35D /* AlbumsVC.swift in Sources */ = {isa = PBXBuildFile; fileRef = F489122A1FA7B0780095F35D /* AlbumsVC.swift */; };
		F4AA088B1FABD63100320A05 /* Notifications.swift in Sources */ = {isa = PBXBuildFile; fileRef = F4AA088A1FABD63100320A05 /* Notifications.swift */; };
		F4AA08B91FAC059100320A05 /* Constants.swift in Sources */ = {isa = PBXBuildFile; fileRef = F4AA08B21FAC047600320A05 /* Constants.swift */; };
		F4AA08BA1FAC059600320A05 /* AppDelegate.swift in Sources */ = {isa = PBXBuildFile; fileRef = F4AA08B11FAC047600320A05 /* AppDelegate.swift */; };
		F4AA08BB1FAC059A00320A05 /* Assets.xcassets in Resources */ = {isa = PBXBuildFile; fileRef = F4AA08B31FAC047700320A05 /* Assets.xcassets */; };
		F4AA08BC1FAC05A400320A05 /* LaunchScreen.storyboard in Resources */ = {isa = PBXBuildFile; fileRef = F4AA08B61FAC048600320A05 /* LaunchScreen.storyboard */; };
		F4AA08BD1FAC05A800320A05 /* Main.storyboard in Resources */ = {isa = PBXBuildFile; fileRef = F4AA08B41FAC048500320A05 /* Main.storyboard */; };
		F4AA08BE1FAC05BE00320A05 /* GoogleService-Info.plist in Resources */ = {isa = PBXBuildFile; fileRef = F4AA08AE1FAC047600320A05 /* GoogleService-Info.plist */; };
		F4BB99511FAA3E79008A2767 /* StorageVC.swift in Sources */ = {isa = PBXBuildFile; fileRef = F4BB99501FAA3E79008A2767 /* StorageVC.swift */; };
		F4CAD4DC1FACAC7400B0730D /* ImageVC.swift in Sources */ = {isa = PBXBuildFile; fileRef = F4CAD4DB1FACAC7400B0730D /* ImageVC.swift */; };
		F4DC5BCC1FABA7DC00D20E52 /* AlbumsModel.swift in Sources */ = {isa = PBXBuildFile; fileRef = F4DC5BCB1FABA7DC00D20E52 /* AlbumsModel.swift */; };
		F4DC5BCE1FABB9B900D20E52 /* ImagesModel.swift in Sources */ = {isa = PBXBuildFile; fileRef = F4DC5BCD1FABB9B900D20E52 /* ImagesModel.swift */; };
		F4DC5BD21FABC03500D20E52 /* FacebookManager.swift in Sources */ = {isa = PBXBuildFile; fileRef = F4DC5BD11FABC03500D20E52 /* FacebookManager.swift */; };
/* End PBXBuildFile section */

/* Begin PBXFileReference section */
		6599296FF82DEA01DCFDC127 /* Pods-MyFBAlbums.release.xcconfig */ = {isa = PBXFileReference; includeInIndex = 1; lastKnownFileType = text.xcconfig; name = "Pods-MyFBAlbums.release.xcconfig"; path = "Pods/Target Support Files/Pods-MyFBAlbums/Pods-MyFBAlbums.release.xcconfig"; sourceTree = "<group>"; };
		68E298D1B7BD057CBB55934A /* Pods-MyFBAlbums.debug.xcconfig */ = {isa = PBXFileReference; includeInIndex = 1; lastKnownFileType = text.xcconfig; name = "Pods-MyFBAlbums.debug.xcconfig"; path = "Pods/Target Support Files/Pods-MyFBAlbums/Pods-MyFBAlbums.debug.xcconfig"; sourceTree = "<group>"; };
		EC9ADE5752898CF0B207F853 /* Pods_MyFBAlbums.framework */ = {isa = PBXFileReference; explicitFileType = wrapper.framework; includeInIndex = 0; path = Pods_MyFBAlbums.framework; sourceTree = BUILT_PRODUCTS_DIR; };
		F4078C141FAA326F00306749 /* AlbumsTableViewCell.swift */ = {isa = PBXFileReference; lastKnownFileType = sourcecode.swift; path = AlbumsTableViewCell.swift; sourceTree = "<group>"; };
		F41AC58B1F9D0C5F00EACCC4 /* HexColors.swift */ = {isa = PBXFileReference; lastKnownFileType = sourcecode.swift; path = HexColors.swift; sourceTree = "<group>"; };
		F444C6E51F9A76DD00FD9D65 /* MyFBAlbums.app */ = {isa = PBXFileReference; explicitFileType = wrapper.application; includeInIndex = 0; path = MyFBAlbums.app; sourceTree = BUILT_PRODUCTS_DIR; };
		F45218401FA91A1C00D4AA7C /* SettingsVC.swift */ = {isa = PBXFileReference; lastKnownFileType = sourcecode.swift; path = SettingsVC.swift; sourceTree = "<group>"; };
		F487383A1FAC0EB100656EE5 /* ImagesVC.swift */ = {isa = PBXFileReference; lastKnownFileType = sourcecode.swift; path = ImagesVC.swift; sourceTree = "<group>"; };
		F487383C1FAC111D00656EE5 /* ImagesTableViewCell.swift */ = {isa = PBXFileReference; lastKnownFileType = sourcecode.swift; path = ImagesTableViewCell.swift; sourceTree = "<group>"; };
		F48912121FA76DC10095F35D /* LoginVC.swift */ = {isa = PBXFileReference; lastKnownFileType = sourcecode.swift; path = LoginVC.swift; sourceTree = "<group>"; };
		F48912201FA7AC820095F35D /* TextField.swift */ = {isa = PBXFileReference; lastKnownFileType = sourcecode.swift; path = TextField.swift; sourceTree = "<group>"; };
		F48912221FA7ACC70095F35D /* Button.swift */ = {isa = PBXFileReference; lastKnownFileType = sourcecode.swift; path = Button.swift; sourceTree = "<group>"; };
		F48912281FA7ADA00095F35D /* View.swift */ = {isa = PBXFileReference; lastKnownFileType = sourcecode.swift; path = View.swift; sourceTree = "<group>"; };
		F489122A1FA7B0780095F35D /* AlbumsVC.swift */ = {isa = PBXFileReference; lastKnownFileType = sourcecode.swift; path = AlbumsVC.swift; sourceTree = "<group>"; };
		F4AA088A1FABD63100320A05 /* Notifications.swift */ = {isa = PBXFileReference; lastKnownFileType = sourcecode.swift; path = Notifications.swift; sourceTree = "<group>"; };
		F4AA08AE1FAC047600320A05 /* GoogleService-Info.plist */ = {isa = PBXFileReference; lastKnownFileType = text.plist.xml; path = "GoogleService-Info.plist"; sourceTree = "<group>"; };
		F4AA08B11FAC047600320A05 /* AppDelegate.swift */ = {isa = PBXFileReference; lastKnownFileType = sourcecode.swift; path = AppDelegate.swift; sourceTree = "<group>"; };
		F4AA08B21FAC047600320A05 /* Constants.swift */ = {isa = PBXFileReference; lastKnownFileType = sourcecode.swift; path = Constants.swift; sourceTree = "<group>"; };
		F4AA08B31FAC047700320A05 /* Assets.xcassets */ = {isa = PBXFileReference; lastKnownFileType = folder.assetcatalog; path = Assets.xcassets; sourceTree = "<group>"; };
		F4AA08B51FAC048500320A05 /* Base */ = {isa = PBXFileReference; lastKnownFileType = file.storyboard; name = Base; path = Base.lproj/Main.storyboard; sourceTree = "<group>"; };
		F4AA08B71FAC048600320A05 /* Base */ = {isa = PBXFileReference; lastKnownFileType = file.storyboard; name = Base; path = Base.lproj/LaunchScreen.storyboard; sourceTree = "<group>"; };
		F4BB99501FAA3E79008A2767 /* StorageVC.swift */ = {isa = PBXFileReference; lastKnownFileType = sourcecode.swift; path = StorageVC.swift; sourceTree = "<group>"; };
		F4CAD4DB1FACAC7400B0730D /* ImageVC.swift */ = {isa = PBXFileReference; lastKnownFileType = sourcecode.swift; path = ImageVC.swift; sourceTree = "<group>"; };
		F4CEB55F1FAC080300EEE318 /* MyFBAlbums.entitlements */ = {isa = PBXFileReference; lastKnownFileType = text.plist.entitlements; path = MyFBAlbums.entitlements; sourceTree = "<group>"; };
		F4CEB5611FAC084900EEE318 /* Info.plist */ = {isa = PBXFileReference; lastKnownFileType = text.plist.xml; path = Info.plist; sourceTree = "<group>"; };
		F4DC5BCB1FABA7DC00D20E52 /* AlbumsModel.swift */ = {isa = PBXFileReference; lastKnownFileType = sourcecode.swift; path = AlbumsModel.swift; sourceTree = "<group>"; };
		F4DC5BCD1FABB9B900D20E52 /* ImagesModel.swift */ = {isa = PBXFileReference; lastKnownFileType = sourcecode.swift; path = ImagesModel.swift; sourceTree = "<group>"; };
		F4DC5BD11FABC03500D20E52 /* FacebookManager.swift */ = {isa = PBXFileReference; lastKnownFileType = sourcecode.swift; path = FacebookManager.swift; sourceTree = "<group>"; };
/* End PBXFileReference section */

/* Begin PBXFrameworksBuildPhase section */
		F444C6E21F9A76DD00FD9D65 /* Frameworks */ = {
			isa = PBXFrameworksBuildPhase;
			buildActionMask = 2147483647;
			files = (
				9A6520E93E071C2A03D064E5 /* Pods_MyFBAlbums.framework in Frameworks */,
			);
			runOnlyForDeploymentPostprocessing = 0;
		};
/* End PBXFrameworksBuildPhase section */

/* Begin PBXGroup section */
		5C280C65EB5740CC76FCC46C /* Frameworks */ = {
			isa = PBXGroup;
			children = (
				EC9ADE5752898CF0B207F853 /* Pods_MyFBAlbums.framework */,
			);
			name = Frameworks;
			sourceTree = "<group>";
		};
		98E0009C3FF74CAA3BAB4C9B /* Pods */ = {
			isa = PBXGroup;
			children = (
				68E298D1B7BD057CBB55934A /* Pods-MyFBAlbums.debug.xcconfig */,
				6599296FF82DEA01DCFDC127 /* Pods-MyFBAlbums.release.xcconfig */,
			);
			name = Pods;
			sourceTree = "<group>";
		};
		F444C6DC1F9A76DD00FD9D65 = {
			isa = PBXGroup;
			children = (
				F444C6E71F9A76DD00FD9D65 /* MyFBAlbums */,
				F444C6E61F9A76DD00FD9D65 /* Products */,
				98E0009C3FF74CAA3BAB4C9B /* Pods */,
				5C280C65EB5740CC76FCC46C /* Frameworks */,
			);
			sourceTree = "<group>";
		};
		F444C6E61F9A76DD00FD9D65 /* Products */ = {
			isa = PBXGroup;
			children = (
				F444C6E51F9A76DD00FD9D65 /* MyFBAlbums.app */,
			);
			name = Products;
			sourceTree = "<group>";
		};
		F444C6E71F9A76DD00FD9D65 /* MyFBAlbums */ = {
			isa = PBXGroup;
			children = (
				F4AA088D1FAC000200320A05 /* Models */,
				F4AA088E1FAC005A00320A05 /* Views */,
				F4AA088F1FAC00AC00320A05 /* Controllers */,
				F4AA08B81FAC049C00320A05 /* SupportFiles */,
			);
			path = MyFBAlbums;
			sourceTree = "<group>";
		};
		F4AA088D1FAC000200320A05 /* Models */ = {
			isa = PBXGroup;
			children = (
				F4AA088A1FABD63100320A05 /* Notifications.swift */,
				F4DC5BCB1FABA7DC00D20E52 /* AlbumsModel.swift */,
				F4DC5BCD1FABB9B900D20E52 /* ImagesModel.swift */,
			);
			path = Models;
			sourceTree = "<group>";
		};
		F4AA088E1FAC005A00320A05 /* Views */ = {
			isa = PBXGroup;
			children = (
				F41AC58B1F9D0C5F00EACCC4 /* HexColors.swift */,
				F48912281FA7ADA00095F35D /* View.swift */,
				F48912201FA7AC820095F35D /* TextField.swift */,
				F48912221FA7ACC70095F35D /* Button.swift */,
				F4078C141FAA326F00306749 /* AlbumsTableViewCell.swift */,
				F487383C1FAC111D00656EE5 /* ImagesTableViewCell.swift */,
			);
			path = Views;
			sourceTree = "<group>";
		};
		F4AA088F1FAC00AC00320A05 /* Controllers */ = {
			isa = PBXGroup;
			children = (
				F4DC5BD11FABC03500D20E52 /* FacebookManager.swift */,
				F4BB99501FAA3E79008A2767 /* StorageVC.swift */,
				F48912121FA76DC10095F35D /* LoginVC.swift */,
				F45218401FA91A1C00D4AA7C /* SettingsVC.swift */,
				F489122A1FA7B0780095F35D /* AlbumsVC.swift */,
				F487383A1FAC0EB100656EE5 /* ImagesVC.swift */,
				F4CAD4DB1FACAC7400B0730D /* ImageVC.swift */,
			);
			path = Controllers;
			sourceTree = "<group>";
		};
		F4AA08B81FAC049C00320A05 /* SupportFiles */ = {
			isa = PBXGroup;
			children = (
				F4AA08B11FAC047600320A05 /* AppDelegate.swift */,
				F4AA08B21FAC047600320A05 /* Constants.swift */,
				F4AA08B41FAC048500320A05 /* Main.storyboard */,
				F4AA08B61FAC048600320A05 /* LaunchScreen.storyboard */,
				F4AA08B31FAC047700320A05 /* Assets.xcassets */,
				F4AA08AE1FAC047600320A05 /* GoogleService-Info.plist */,
				F4CEB5611FAC084900EEE318 /* Info.plist */,
				F4CEB55F1FAC080300EEE318 /* MyFBAlbums.entitlements */,
			);
			path = SupportFiles;
			sourceTree = "<group>";
		};
/* End PBXGroup section */

/* Begin PBXNativeTarget section */
		F444C6E41F9A76DD00FD9D65 /* MyFBAlbums */ = {
			isa = PBXNativeTarget;
			buildConfigurationList = F444C6F71F9A76DD00FD9D65 /* Build configuration list for PBXNativeTarget "MyFBAlbums" */;
			buildPhases = (
				7FB65168AF7052FCEA44F8C5 /* [CP] Check Pods Manifest.lock */,
				F444C6E11F9A76DD00FD9D65 /* Sources */,
				F444C6E21F9A76DD00FD9D65 /* Frameworks */,
				F444C6E31F9A76DD00FD9D65 /* Resources */,
				0422DB047D4278359E04A9F8 /* [CP] Embed Pods Frameworks */,
				0634C15A00B09B3296AF5DB5 /* [CP] Copy Pods Resources */,
			);
			buildRules = (
			);
			dependencies = (
			);
			name = MyFBAlbums;
			productName = MyFBAlbums;
			productReference = F444C6E51F9A76DD00FD9D65 /* MyFBAlbums.app */;
			productType = "com.apple.product-type.application";
		};
/* End PBXNativeTarget section */

/* Begin PBXProject section */
		F444C6DD1F9A76DD00FD9D65 /* Project object */ = {
			isa = PBXProject;
			attributes = {
				LastSwiftUpdateCheck = 0900;
				LastUpgradeCheck = 0900;
				ORGANIZATIONNAME = OthmaneOuenzar;
				TargetAttributes = {
					F444C6E41F9A76DD00FD9D65 = {
						CreatedOnToolsVersion = 9.0;
						ProvisioningStyle = Automatic;
						SystemCapabilities = {
							com.apple.Keychain = {
								enabled = 1;
							};
						};
					};
				};
			};
			buildConfigurationList = F444C6E01F9A76DD00FD9D65 /* Build configuration list for PBXProject "MyFBAlbums" */;
			compatibilityVersion = "Xcode 8.0";
			developmentRegion = en;
			hasScannedForEncodings = 0;
			knownRegions = (
				en,
				Base,
			);
			mainGroup = F444C6DC1F9A76DD00FD9D65;
			productRefGroup = F444C6E61F9A76DD00FD9D65 /* Products */;
			projectDirPath = "";
			projectRoot = "";
			targets = (
				F444C6E41F9A76DD00FD9D65 /* MyFBAlbums */,
			);
		};
/* End PBXProject section */

/* Begin PBXResourcesBuildPhase section */
		F444C6E31F9A76DD00FD9D65 /* Resources */ = {
			isa = PBXResourcesBuildPhase;
			buildActionMask = 2147483647;
			files = (
				F4AA08BD1FAC05A800320A05 /* Main.storyboard in Resources */,
				F4AA08BE1FAC05BE00320A05 /* GoogleService-Info.plist in Resources */,
				F4AA08BB1FAC059A00320A05 /* Assets.xcassets in Resources */,
				F4AA08BC1FAC05A400320A05 /* LaunchScreen.storyboard in Resources */,
			);
			runOnlyForDeploymentPostprocessing = 0;
		};
/* End PBXResourcesBuildPhase section */

/* Begin PBXShellScriptBuildPhase section */
		0422DB047D4278359E04A9F8 /* [CP] Embed Pods Frameworks */ = {
			isa = PBXShellScriptBuildPhase;
			buildActionMask = 2147483647;
			files = (
			);
			inputPaths = (
				"${SRCROOT}/Pods/Target Support Files/Pods-MyFBAlbums/Pods-MyFBAlbums-frameworks.sh",
				"${BUILT_PRODUCTS_DIR}/Bolts/Bolts.framework",
				"${BUILT_PRODUCTS_DIR}/FBSDKCoreKit/FBSDKCoreKit.framework",
				"${BUILT_PRODUCTS_DIR}/FBSDKLoginKit/FBSDKLoginKit.framework",
				"${BUILT_PRODUCTS_DIR}/FacebookCore/FacebookCore.framework",
				"${BUILT_PRODUCTS_DIR}/FacebookLogin/FacebookLogin.framework",
				"${BUILT_PRODUCTS_DIR}/GTMSessionFetcher/GTMSessionFetcher.framework",
				"${BUILT_PRODUCTS_DIR}/GoogleToolboxForMac/GoogleToolboxForMac.framework",
				"${BUILT_PRODUCTS_DIR}/MBProgressHUD/MBProgressHUD.framework",
				"${BUILT_PRODUCTS_DIR}/SCLAlertView/SCLAlertView.framework",
				"${BUILT_PRODUCTS_DIR}/leveldb-library/leveldb.framework",
				"${BUILT_PRODUCTS_DIR}/nanopb/nanopb.framework",
			);
			name = "[CP] Embed Pods Frameworks";
			outputPaths = (
				"${TARGET_BUILD_DIR}/${FRAMEWORKS_FOLDER_PATH}/Bolts.framework",
				"${TARGET_BUILD_DIR}/${FRAMEWORKS_FOLDER_PATH}/FBSDKCoreKit.framework",
				"${TARGET_BUILD_DIR}/${FRAMEWORKS_FOLDER_PATH}/FBSDKLoginKit.framework",
				"${TARGET_BUILD_DIR}/${FRAMEWORKS_FOLDER_PATH}/FacebookCore.framework",
				"${TARGET_BUILD_DIR}/${FRAMEWORKS_FOLDER_PATH}/FacebookLogin.framework",
				"${TARGET_BUILD_DIR}/${FRAMEWORKS_FOLDER_PATH}/GTMSessionFetcher.framework",
				"${TARGET_BUILD_DIR}/${FRAMEWORKS_FOLDER_PATH}/GoogleToolboxForMac.framework",
				"${TARGET_BUILD_DIR}/${FRAMEWORKS_FOLDER_PATH}/MBProgressHUD.framework",
				"${TARGET_BUILD_DIR}/${FRAMEWORKS_FOLDER_PATH}/SCLAlertView.framework",
				"${TARGET_BUILD_DIR}/${FRAMEWORKS_FOLDER_PATH}/leveldb.framework",
				"${TARGET_BUILD_DIR}/${FRAMEWORKS_FOLDER_PATH}/nanopb.framework",
			);
			runOnlyForDeploymentPostprocessing = 0;
			shellPath = /bin/sh;
			shellScript = "\"${SRCROOT}/Pods/Target Support Files/Pods-MyFBAlbums/Pods-MyFBAlbums-frameworks.sh\"\n";
			showEnvVarsInLog = 0;
		};
		0634C15A00B09B3296AF5DB5 /* [CP] Copy Pods Resources */ = {
			isa = PBXShellScriptBuildPhase;
			buildActionMask = 2147483647;
			files = (
			);
			inputPaths = (
			);
			name = "[CP] Copy Pods Resources";
			outputPaths = (
			);
			runOnlyForDeploymentPostprocessing = 0;
			shellPath = /bin/sh;
			shellScript = "\"${SRCROOT}/Pods/Target Support Files/Pods-MyFBAlbums/Pods-MyFBAlbums-resources.sh\"\n";
			showEnvVarsInLog = 0;
		};
		7FB65168AF7052FCEA44F8C5 /* [CP] Check Pods Manifest.lock */ = {
			isa = PBXShellScriptBuildPhase;
			buildActionMask = 2147483647;
			files = (
			);
			inputPaths = (
				"${PODS_PODFILE_DIR_PATH}/Podfile.lock",
				"${PODS_ROOT}/Manifest.lock",
			);
			name = "[CP] Check Pods Manifest.lock";
			outputPaths = (
				"$(DERIVED_FILE_DIR)/Pods-MyFBAlbums-checkManifestLockResult.txt",
			);
			runOnlyForDeploymentPostprocessing = 0;
			shellPath = /bin/sh;
			shellScript = "diff \"${PODS_PODFILE_DIR_PATH}/Podfile.lock\" \"${PODS_ROOT}/Manifest.lock\" > /dev/null\nif [ $? != 0 ] ; then\n    # print error to STDERR\n    echo \"error: The sandbox is not in sync with the Podfile.lock. Run 'pod install' or update your CocoaPods installation.\" >&2\n    exit 1\nfi\n# This output is used by Xcode 'outputs' to avoid re-running this script phase.\necho \"SUCCESS\" > \"${SCRIPT_OUTPUT_FILE_0}\"\n";
			showEnvVarsInLog = 0;
		};
/* End PBXShellScriptBuildPhase section */

/* Begin PBXSourcesBuildPhase section */
		F444C6E11F9A76DD00FD9D65 /* Sources */ = {
			isa = PBXSourcesBuildPhase;
			buildActionMask = 2147483647;
			files = (
				F48912291FA7ADA00095F35D /* View.swift in Sources */,
				F4DC5BCC1FABA7DC00D20E52 /* AlbumsModel.swift in Sources */,
				F41AC58C1F9D0C5F00EACCC4 /* HexColors.swift in Sources */,
				F4AA08BA1FAC059600320A05 /* AppDelegate.swift in Sources */,
				F48912211FA7AC820095F35D /* TextField.swift in Sources */,
				F48912131FA76DC10095F35D /* LoginVC.swift in Sources */,
				F489122B1FA7B0780095F35D /* AlbumsVC.swift in Sources */,
				F4DC5BD21FABC03500D20E52 /* FacebookManager.swift in Sources */,
				F4CAD4DC1FACAC7400B0730D /* ImageVC.swift in Sources */,
				F487383B1FAC0EB100656EE5 /* ImagesVC.swift in Sources */,
				F48912231FA7ACC70095F35D /* Button.swift in Sources */,
				F4DC5BCE1FABB9B900D20E52 /* ImagesModel.swift in Sources */,
				F4AA088B1FABD63100320A05 /* Notifications.swift in Sources */,
				F4078C151FAA326F00306749 /* AlbumsTableViewCell.swift in Sources */,
				F4AA08B91FAC059100320A05 /* Constants.swift in Sources */,
				F487383D1FAC111D00656EE5 /* ImagesTableViewCell.swift in Sources */,
				F4BB99511FAA3E79008A2767 /* StorageVC.swift in Sources */,
				F45218411FA91A1C00D4AA7C /* SettingsVC.swift in Sources */,
			);
			runOnlyForDeploymentPostprocessing = 0;
		};
/* End PBXSourcesBuildPhase section */

/* Begin PBXVariantGroup section */
		F4AA08B41FAC048500320A05 /* Main.storyboard */ = {
			isa = PBXVariantGroup;
			children = (
				F4AA08B51FAC048500320A05 /* Base */,
			);
			name = Main.storyboard;
			sourceTree = "<group>";
		};
		F4AA08B61FAC048600320A05 /* LaunchScreen.storyboard */ = {
			isa = PBXVariantGroup;
			children = (
				F4AA08B71FAC048600320A05 /* Base */,
			);
			name = LaunchScreen.storyboard;
			sourceTree = "<group>";
		};
/* End PBXVariantGroup section */

/* Begin XCBuildConfiguration section */
		F444C6F51F9A76DD00FD9D65 /* Debug */ = {
			isa = XCBuildConfiguration;
			buildSettings = {
				ALWAYS_SEARCH_USER_PATHS = NO;
				CLANG_ANALYZER_NONNULL = YES;
				CLANG_ANALYZER_NUMBER_OBJECT_CONVERSION = YES_AGGRESSIVE;
				CLANG_CXX_LANGUAGE_STANDARD = "gnu++14";
				CLANG_CXX_LIBRARY = "libc++";
				CLANG_ENABLE_MODULES = YES;
				CLANG_ENABLE_OBJC_ARC = YES;
				CLANG_WARN_BLOCK_CAPTURE_AUTORELEASING = YES;
				CLANG_WARN_BOOL_CONVERSION = YES;
				CLANG_WARN_COMMA = YES;
				CLANG_WARN_CONSTANT_CONVERSION = YES;
				CLANG_WARN_DIRECT_OBJC_ISA_USAGE = YES_ERROR;
				CLANG_WARN_DOCUMENTATION_COMMENTS = YES;
				CLANG_WARN_EMPTY_BODY = YES;
				CLANG_WARN_ENUM_CONVERSION = YES;
				CLANG_WARN_INFINITE_RECURSION = YES;
				CLANG_WARN_INT_CONVERSION = YES;
				CLANG_WARN_NON_LITERAL_NULL_CONVERSION = YES;
				CLANG_WARN_OBJC_LITERAL_CONVERSION = YES;
				CLANG_WARN_OBJC_ROOT_CLASS = YES_ERROR;
				CLANG_WARN_RANGE_LOOP_ANALYSIS = YES;
				CLANG_WARN_STRICT_PROTOTYPES = YES;
				CLANG_WARN_SUSPICIOUS_MOVE = YES;
				CLANG_WARN_UNGUARDED_AVAILABILITY = YES_AGGRESSIVE;
				CLANG_WARN_UNREACHABLE_CODE = YES;
				CLANG_WARN__DUPLICATE_METHOD_MATCH = YES;
				CODE_SIGN_IDENTITY = "iPhone Developer";
				COPY_PHASE_STRIP = NO;
				DEBUG_INFORMATION_FORMAT = dwarf;
				ENABLE_STRICT_OBJC_MSGSEND = YES;
				ENABLE_TESTABILITY = YES;
				GCC_C_LANGUAGE_STANDARD = gnu11;
				GCC_DYNAMIC_NO_PIC = NO;
				GCC_NO_COMMON_BLOCKS = YES;
				GCC_OPTIMIZATION_LEVEL = 0;
				GCC_PREPROCESSOR_DEFINITIONS = (
					"DEBUG=1",
					"$(inherited)",
				);
				GCC_WARN_64_TO_32_BIT_CONVERSION = YES;
				GCC_WARN_ABOUT_RETURN_TYPE = YES_ERROR;
				GCC_WARN_UNDECLARED_SELECTOR = YES;
				GCC_WARN_UNINITIALIZED_AUTOS = YES_AGGRESSIVE;
				GCC_WARN_UNUSED_FUNCTION = YES;
				GCC_WARN_UNUSED_VARIABLE = YES;
				IPHONEOS_DEPLOYMENT_TARGET = 9.0;
				MTL_ENABLE_DEBUG_INFO = YES;
				ONLY_ACTIVE_ARCH = YES;
				SDKROOT = iphoneos;
				SWIFT_ACTIVE_COMPILATION_CONDITIONS = DEBUG;
				SWIFT_OPTIMIZATION_LEVEL = "-Onone";
			};
			name = Debug;
		};
		F444C6F61F9A76DD00FD9D65 /* Release */ = {
			isa = XCBuildConfiguration;
			buildSettings = {
				ALWAYS_SEARCH_USER_PATHS = NO;
				CLANG_ANALYZER_NONNULL = YES;
				CLANG_ANALYZER_NUMBER_OBJECT_CONVERSION = YES_AGGRESSIVE;
				CLANG_CXX_LANGUAGE_STANDARD = "gnu++14";
				CLANG_CXX_LIBRARY = "libc++";
				CLANG_ENABLE_MODULES = YES;
				CLANG_ENABLE_OBJC_ARC = YES;
				CLANG_WARN_BLOCK_CAPTURE_AUTORELEASING = YES;
				CLANG_WARN_BOOL_CONVERSION = YES;
				CLANG_WARN_COMMA = YES;
				CLANG_WARN_CONSTANT_CONVERSION = YES;
				CLANG_WARN_DIRECT_OBJC_ISA_USAGE = YES_ERROR;
				CLANG_WARN_DOCUMENTATION_COMMENTS = YES;
				CLANG_WARN_EMPTY_BODY = YES;
				CLANG_WARN_ENUM_CONVERSION = YES;
				CLANG_WARN_INFINITE_RECURSION = YES;
				CLANG_WARN_INT_CONVERSION = YES;
				CLANG_WARN_NON_LITERAL_NULL_CONVERSION = YES;
				CLANG_WARN_OBJC_LITERAL_CONVERSION = YES;
				CLANG_WARN_OBJC_ROOT_CLASS = YES_ERROR;
				CLANG_WARN_RANGE_LOOP_ANALYSIS = YES;
				CLANG_WARN_STRICT_PROTOTYPES = YES;
				CLANG_WARN_SUSPICIOUS_MOVE = YES;
				CLANG_WARN_UNGUARDED_AVAILABILITY = YES_AGGRESSIVE;
				CLANG_WARN_UNREACHABLE_CODE = YES;
				CLANG_WARN__DUPLICATE_METHOD_MATCH = YES;
				CODE_SIGN_IDENTITY = "iPhone Developer";
				COPY_PHASE_STRIP = NO;
				DEBUG_INFORMATION_FORMAT = "dwarf-with-dsym";
				ENABLE_NS_ASSERTIONS = NO;
				ENABLE_STRICT_OBJC_MSGSEND = YES;
				GCC_C_LANGUAGE_STANDARD = gnu11;
				GCC_NO_COMMON_BLOCKS = YES;
				GCC_WARN_64_TO_32_BIT_CONVERSION = YES;
				GCC_WARN_ABOUT_RETURN_TYPE = YES_ERROR;
				GCC_WARN_UNDECLARED_SELECTOR = YES;
				GCC_WARN_UNINITIALIZED_AUTOS = YES_AGGRESSIVE;
				GCC_WARN_UNUSED_FUNCTION = YES;
				GCC_WARN_UNUSED_VARIABLE = YES;
				IPHONEOS_DEPLOYMENT_TARGET = 9.0;
				MTL_ENABLE_DEBUG_INFO = NO;
				SDKROOT = iphoneos;
				SWIFT_OPTIMIZATION_LEVEL = "-Owholemodule";
				VALIDATE_PRODUCT = YES;
			};
			name = Release;
		};
		F444C6F81F9A76DD00FD9D65 /* Debug */ = {
			isa = XCBuildConfiguration;
			baseConfigurationReference = 68E298D1B7BD057CBB55934A /* Pods-MyFBAlbums.debug.xcconfig */;
			buildSettings = {
				ASSETCATALOG_COMPILER_APPICON_NAME = AppIcon;
				CODE_SIGN_ENTITLEMENTS = MyFBAlbums/SupportFiles/MyFBAlbums.entitlements;
				CODE_SIGN_STYLE = Automatic;
				DEVELOPMENT_TEAM = ESJ858MJ78;
				INFOPLIST_FILE = MyFBAlbums/SupportFiles/Info.plist;
				IPHONEOS_DEPLOYMENT_TARGET = 9.0;
				LD_RUNPATH_SEARCH_PATHS = "$(inherited) @executable_path/Frameworks";
				PRODUCT_BUNDLE_IDENTIFIER = com.OthmaneOuenzar.MyFBAlbums;
				PRODUCT_NAME = "$(TARGET_NAME)";
				SWIFT_OBJC_BRIDGING_HEADER = "";
				SWIFT_VERSION = 4.0;
				TARGETED_DEVICE_FAMILY = "1,2";
			};
			name = Debug;
		};
		F444C6F91F9A76DD00FD9D65 /* Release */ = {
			isa = XCBuildConfiguration;
			baseConfigurationReference = 6599296FF82DEA01DCFDC127 /* Pods-MyFBAlbums.release.xcconfig */;
			buildSettings = {
				ASSETCATALOG_COMPILER_APPICON_NAME = AppIcon;
				CODE_SIGN_ENTITLEMENTS = MyFBAlbums/SupportFiles/MyFBAlbums.entitlements;
				CODE_SIGN_STYLE = Automatic;
				DEVELOPMENT_TEAM = ESJ858MJ78;
				INFOPLIST_FILE = MyFBAlbums/SupportFiles/Info.plist;
				IPHONEOS_DEPLOYMENT_TARGET = 9.0;
				LD_RUNPATH_SEARCH_PATHS = "$(inherited) @executable_path/Frameworks";
				PRODUCT_BUNDLE_IDENTIFIER = com.OthmaneOuenzar.MyFBAlbums;
				PRODUCT_NAME = "$(TARGET_NAME)";
				SWIFT_OBJC_BRIDGING_HEADER = "";
				SWIFT_VERSION = 4.0;
				TARGETED_DEVICE_FAMILY = "1,2";
			};
			name = Release;
		};
/* End XCBuildConfiguration section */

/* Begin XCConfigurationList section */
		F444C6E01F9A76DD00FD9D65 /* Build configuration list for PBXProject "MyFBAlbums" */ = {
			isa = XCConfigurationList;
			buildConfigurations = (
				F444C6F51F9A76DD00FD9D65 /* Debug */,
				F444C6F61F9A76DD00FD9D65 /* Release */,
			);
			defaultConfigurationIsVisible = 0;
			defaultConfigurationName = Release;
		};
		F444C6F71F9A76DD00FD9D65 /* Build configuration list for PBXNativeTarget "MyFBAlbums" */ = {
			isa = XCConfigurationList;
			buildConfigurations = (
				F444C6F81F9A76DD00FD9D65 /* Debug */,
				F444C6F91F9A76DD00FD9D65 /* Release */,
			);
			defaultConfigurationIsVisible = 0;
			defaultConfigurationName = Release;
		};
/* End XCConfigurationList section */
	};
	rootObject = F444C6DD1F9A76DD00FD9D65 /* Project object */;
}
